
Microsoft Visual Studio Solution File, Format Version 12.00
# Visual Studio 15
VisualStudioVersion = 15.0.27703.2035
MinimumVisualStudioVersion = 10.0.40219.1
Project("{FAE04EC0-301F-11D3-BF4B-00C04F79EFBC}") = "Merckk", "Merckk\Merckk.csproj", "{1A6E27A9-4C8A-4A1A-BDCC-78919F00AEE2}"
EndProject
Project("{FAE04EC0-301F-11D3-BF4B-00C04F79EFBC}") = "Merckk.Tests", "Merckk.Tests\Merckk.Tests.csproj", "{0A04EC8A-07B3-44BF-8AA6-BA1D9DA725A0}"
EndProject
Project("{FAE04EC0-301F-11D3-BF4B-00C04F79EFBC}") = "Merckk.Data", "Merckk.Data\Merckk.Data.csproj", "{73F7415F-B875-49A1-ADE3-040BDDA04B05}"
EndProject
Project("{FAE04EC0-301F-11D3-BF4B-00C04F79EFBC}") = "Merckk.Domain", "Merckk.Domain\Merckk.Domain.csproj", "{EF776BEA-79FE-4827-AFAB-E791764A928D}"
EndProject
Project("{FAE04EC0-301F-11D3-BF4B-00C04F79EFBC}") = "Merckk.Services", "Services\Merckk.Services.csproj", "{DC20FF02-4F12-4F0F-96B2-E2CF4DA65AEE}"
EndProject
Global
	GlobalSection(SolutionConfigurationPlatforms) = preSolution
		Debug|Any CPU = Debug|Any CPU
		Release|Any CPU = Release|Any CPU
	EndGlobalSection
	GlobalSection(ProjectConfigurationPlatforms) = postSolution
		{1A6E27A9-4C8A-4A1A-BDCC-78919F00AEE2}.Debug|Any CPU.ActiveCfg = Debug|Any CPU
		{1A6E27A9-4C8A-4A1A-BDCC-78919F00AEE2}.Debug|Any CPU.Build.0 = Debug|Any CPU
		{1A6E27A9-4C8A-4A1A-BDCC-78919F00AEE2}.Release|Any CPU.ActiveCfg = Release|Any CPU
		{1A6E27A9-4C8A-4A1A-BDCC-78919F00AEE2}.Release|Any CPU.Build.0 = Release|Any CPU
		{0A04EC8A-07B3-44BF-8AA6-BA1D9DA725A0}.Debug|Any CPU.ActiveCfg = Debug|Any CPU
		{0A04EC8A-07B3-44BF-8AA6-BA1D9DA725A0}.Debug|Any CPU.Build.0 = Debug|Any CPU
		{0A04EC8A-07B3-44BF-8AA6-BA1D9DA725A0}.Release|Any CPU.ActiveCfg = Release|Any CPU
		{0A04EC8A-07B3-44BF-8AA6-BA1D9DA725A0}.Release|Any CPU.Build.0 = Release|Any CPU
		{73F7415F-B875-49A1-ADE3-040BDDA04B05}.Debug|Any CPU.ActiveCfg = Debug|Any CPU
		{73F7415F-B875-49A1-ADE3-040BDDA04B05}.Debug|Any CPU.Build.0 = Debug|Any CPU
		{73F7415F-B875-49A1-ADE3-040BDDA04B05}.Release|Any CPU.ActiveCfg = Release|Any CPU
		{73F7415F-B875-49A1-ADE3-040BDDA04B05}.Release|Any CPU.Build.0 = Release|Any CPU
		{EF776BEA-79FE-4827-AFAB-E791764A928D}.Debug|Any CPU.ActiveCfg = Debug|Any CPU
		{EF776BEA-79FE-4827-AFAB-E791764A928D}.Debug|Any CPU.Build.0 = Debug|Any CPU
		{EF776BEA-79FE-4827-AFAB-E791764A928D}.Release|Any CPU.ActiveCfg = Release|Any CPU
		{EF776BEA-79FE-4827-AFAB-E791764A928D}.Release|Any CPU.Build.0 = Release|Any CPU
		{DC20FF02-4F12-4F0F-96B2-E2CF4DA65AEE}.Debug|Any CPU.ActiveCfg = Debug|Any CPU
		{DC20FF02-4F12-4F0F-96B2-E2CF4DA65AEE}.Debug|Any CPU.Build.0 = Debug|Any CPU
		{DC20FF02-4F12-4F0F-96B2-E2CF4DA65AEE}.Release|Any CPU.ActiveCfg = Release|Any CPU
		{DC20FF02-4F12-4F0F-96B2-E2CF4DA65AEE}.Release|Any CPU.Build.0 = Release|Any CPU
	EndGlobalSection
	GlobalSection(SolutionProperties) = preSolution
		HideSolutionNode = FALSE
	EndGlobalSection
	GlobalSection(ExtensibilityGlobals) = postSolution
		SolutionGuid = {C72FD52B-4E4C-4341-95A6-8F97593D48B4}
	EndGlobalSection
EndGlobal
